
Microsoft Visual Studio Solution File, Format Version 12.00
# Visual Studio Version 16
VisualStudioVersion = 16.0.29503.13
MinimumVisualStudioVersion = 10.0.40219.1
Project("{FAE04EC0-301F-11D3-BF4B-00C04F79EFBC}") = "ALzero", "ALzero\ALzero.csproj", "{59CB433C-5961-4ED6-A7CE-A34A9BA4B898}"
EndProject
Global
	GlobalSection(SolutionConfigurationPlatforms) = preSolution
		Debug|Any CPU = Debug|Any CPU
		Release|Any CPU = Release|Any CPU
	EndGlobalSection
	GlobalSection(ProjectConfigurationPlatforms) = postSolution
		{59CB433C-5961-4ED6-A7CE-A34A9BA4B898}.Debug|Any CPU.ActiveCfg = Debug|Any CPU
		{59CB433C-5961-4ED6-A7CE-A34A9BA4B898}.Debug|Any CPU.Build.0 = Debug|Any CPU
		{59CB433C-5961-4ED6-A7CE-A34A9BA4B898}.Release|Any CPU.ActiveCfg = Release|Any CPU
		{59CB433C-5961-4ED6-A7CE-A34A9BA4B898}.Release|Any CPU.Build.0 = Release|Any CPU
	EndGlobalSection
	GlobalSection(SolutionProperties) = preSolution
		HideSolutionNode = FALSE
	EndGlobalSection
	GlobalSection(ExtensibilityGlobals) = postSolution
		SolutionGuid = {6C8E220C-F9C3-4EE6-9BEF-1D99F379C776}
	EndGlobalSection
EndGlobal
